
Microsoft Visual Studio Solution File, Format Version 12.00
# Visual Studio Version 17
VisualStudioVersion = 17.9.34728.123
MinimumVisualStudioVersion = 10.0.40219.1
Project("{FAE04EC0-301F-11D3-BF4B-00C04F79EFBC}") = "RC6AlgorithmAngularNetCore.Server", "RC6AlgorithmAngularNetCore.Server\RC6AlgorithmAngularNetCore.Server.csproj", "{CDB89E8C-8C34-4F39-8A2F-2B60E36438CA}"
EndProject
Project("{54A90642-561A-4BB1-A94E-469ADEE60C69}") = "rc6algorithmangularnetcore.client", "rc6algorithmangularnetcore.client\rc6algorithmangularnetcore.client.esproj", "{9BAD799F-64D8-44CB-8708-191E40761896}"
EndProject
Global
	GlobalSection(SolutionConfigurationPlatforms) = preSolution
		Debug|Any CPU = Debug|Any CPU
		Release|Any CPU = Release|Any CPU
	EndGlobalSection
	GlobalSection(ProjectConfigurationPlatforms) = postSolution
		{CDB89E8C-8C34-4F39-8A2F-2B60E36438CA}.Debug|Any CPU.ActiveCfg = Debug|Any CPU
		{CDB89E8C-8C34-4F39-8A2F-2B60E36438CA}.Debug|Any CPU.Build.0 = Debug|Any CPU
		{CDB89E8C-8C34-4F39-8A2F-2B60E36438CA}.Release|Any CPU.ActiveCfg = Release|Any CPU
		{CDB89E8C-8C34-4F39-8A2F-2B60E36438CA}.Release|Any CPU.Build.0 = Release|Any CPU
		{9BAD799F-64D8-44CB-8708-191E40761896}.Debug|Any CPU.ActiveCfg = Debug|Any CPU
		{9BAD799F-64D8-44CB-8708-191E40761896}.Debug|Any CPU.Build.0 = Debug|Any CPU
		{9BAD799F-64D8-44CB-8708-191E40761896}.Debug|Any CPU.Deploy.0 = Debug|Any CPU
		{9BAD799F-64D8-44CB-8708-191E40761896}.Release|Any CPU.ActiveCfg = Release|Any CPU
		{9BAD799F-64D8-44CB-8708-191E40761896}.Release|Any CPU.Build.0 = Release|Any CPU
		{9BAD799F-64D8-44CB-8708-191E40761896}.Release|Any CPU.Deploy.0 = Release|Any CPU
	EndGlobalSection
	GlobalSection(SolutionProperties) = preSolution
		HideSolutionNode = FALSE
	EndGlobalSection
	GlobalSection(ExtensibilityGlobals) = postSolution
		SolutionGuid = {1209C60A-8D72-4592-933B-EE32D1C163E1}
	EndGlobalSection
EndGlobal
